
Microsoft Visual Studio Solution File, Format Version 12.00
# Visual Studio Version 17
VisualStudioVersion = 17.14.36310.24
MinimumVisualStudioVersion = 10.0.40219.1
Project("{FAE04EC0-301F-11D3-BF4B-00C04F79EFBC}") = "Ejercicios-introductorios", "Ejercicios-introductorios\Ejercicios-introductorios.csproj", "{47EE94EE-DD65-40E4-A6B7-BD876A5BBAC5}"
EndProject
Project("{2150E333-8FDC-42A3-9474-1A3956D46DE8}") = "Ejercicio1", "Ejercicio1", "{2D5E308B-5245-4C8E-89E5-91D4BFC36370}"
EndProject
Project("{2150E333-8FDC-42A3-9474-1A3956D46DE8}") = "Ejercicio2", "Ejercicio2", "{02EA681E-C7D8-13C7-8484-4AC65E1B71E8}"
EndProject
Project("{FAE04EC0-301F-11D3-BF4B-00C04F79EFBC}") = "Calculadora-2", "Calculadora-2\Calculadora-2.csproj", "{181E4BBD-8251-47E7-821A-C0910DCDA7AD}"
EndProject
Project("{2150E333-8FDC-42A3-9474-1A3956D46DE8}") = "Ejercicio3", "Ejercicio3", "{4CABA334-650A-4647-9E0C-3B0065E52F86}"
EndProject
Project("{FAE04EC0-301F-11D3-BF4B-00C04F79EFBC}") = "Converter", "Converter\Converter.csproj", "{94EB983F-51DF-44C7-BD93-0BFCDD853358}"
EndProject
Global
	GlobalSection(SolutionConfigurationPlatforms) = preSolution
		Debug|Any CPU = Debug|Any CPU
		Release|Any CPU = Release|Any CPU
	EndGlobalSection
	GlobalSection(ProjectConfigurationPlatforms) = postSolution
		{47EE94EE-DD65-40E4-A6B7-BD876A5BBAC5}.Debug|Any CPU.ActiveCfg = Debug|Any CPU
		{47EE94EE-DD65-40E4-A6B7-BD876A5BBAC5}.Debug|Any CPU.Build.0 = Debug|Any CPU
		{47EE94EE-DD65-40E4-A6B7-BD876A5BBAC5}.Release|Any CPU.ActiveCfg = Release|Any CPU
		{47EE94EE-DD65-40E4-A6B7-BD876A5BBAC5}.Release|Any CPU.Build.0 = Release|Any CPU
		{181E4BBD-8251-47E7-821A-C0910DCDA7AD}.Debug|Any CPU.ActiveCfg = Debug|Any CPU
		{181E4BBD-8251-47E7-821A-C0910DCDA7AD}.Debug|Any CPU.Build.0 = Debug|Any CPU
		{181E4BBD-8251-47E7-821A-C0910DCDA7AD}.Release|Any CPU.ActiveCfg = Release|Any CPU
		{181E4BBD-8251-47E7-821A-C0910DCDA7AD}.Release|Any CPU.Build.0 = Release|Any CPU
		{94EB983F-51DF-44C7-BD93-0BFCDD853358}.Debug|Any CPU.ActiveCfg = Debug|Any CPU
		{94EB983F-51DF-44C7-BD93-0BFCDD853358}.Debug|Any CPU.Build.0 = Debug|Any CPU
		{94EB983F-51DF-44C7-BD93-0BFCDD853358}.Release|Any CPU.ActiveCfg = Release|Any CPU
		{94EB983F-51DF-44C7-BD93-0BFCDD853358}.Release|Any CPU.Build.0 = Release|Any CPU
	EndGlobalSection
	GlobalSection(SolutionProperties) = preSolution
		HideSolutionNode = FALSE
	EndGlobalSection
	GlobalSection(NestedProjects) = preSolution
		{47EE94EE-DD65-40E4-A6B7-BD876A5BBAC5} = {2D5E308B-5245-4C8E-89E5-91D4BFC36370}
		{181E4BBD-8251-47E7-821A-C0910DCDA7AD} = {02EA681E-C7D8-13C7-8484-4AC65E1B71E8}
		{94EB983F-51DF-44C7-BD93-0BFCDD853358} = {4CABA334-650A-4647-9E0C-3B0065E52F86}
	EndGlobalSection
	GlobalSection(ExtensibilityGlobals) = postSolution
		SolutionGuid = {FF93A3DF-F1E2-448B-821D-6488FF37543F}
	EndGlobalSection
EndGlobal
